
Microsoft Visual Studio Solution File, Format Version 12.00
# Visual Studio Version 17
VisualStudioVersion = 17.2.32516.85
MinimumVisualStudioVersion = 10.0.40219.1
Project("{FAE04EC0-301F-11D3-BF4B-00C04F79EFBC}") = "NotesNavigation.Android", "NotesNavigation\NotesNavigation.Android\NotesNavigation.Android.csproj", "{61992307-4AD4-48AD-AB84-F5EE1B650795}"
EndProject
Project("{FAE04EC0-301F-11D3-BF4B-00C04F79EFBC}") = "NotesNavigation", "NotesNavigation\NotesNavigation\NotesNavigation.csproj", "{E97C12B6-F97F-4947-A924-4CD14D9CDCE5}"
EndProject
Global
	GlobalSection(SolutionConfigurationPlatforms) = preSolution
		Debug|Any CPU = Debug|Any CPU
		Release|Any CPU = Release|Any CPU
	EndGlobalSection
	GlobalSection(ProjectConfigurationPlatforms) = postSolution
		{61992307-4AD4-48AD-AB84-F5EE1B650795}.Debug|Any CPU.ActiveCfg = Debug|Any CPU
		{61992307-4AD4-48AD-AB84-F5EE1B650795}.Debug|Any CPU.Build.0 = Debug|Any CPU
		{61992307-4AD4-48AD-AB84-F5EE1B650795}.Debug|Any CPU.Deploy.0 = Debug|Any CPU
		{61992307-4AD4-48AD-AB84-F5EE1B650795}.Release|Any CPU.ActiveCfg = Release|Any CPU
		{61992307-4AD4-48AD-AB84-F5EE1B650795}.Release|Any CPU.Build.0 = Release|Any CPU
		{61992307-4AD4-48AD-AB84-F5EE1B650795}.Release|Any CPU.Deploy.0 = Release|Any CPU
		{E97C12B6-F97F-4947-A924-4CD14D9CDCE5}.Debug|Any CPU.ActiveCfg = Debug|Any CPU
		{E97C12B6-F97F-4947-A924-4CD14D9CDCE5}.Debug|Any CPU.Build.0 = Debug|Any CPU
		{E97C12B6-F97F-4947-A924-4CD14D9CDCE5}.Debug|Any CPU.Deploy.0 = Debug|Any CPU
		{E97C12B6-F97F-4947-A924-4CD14D9CDCE5}.Release|Any CPU.ActiveCfg = Release|Any CPU
		{E97C12B6-F97F-4947-A924-4CD14D9CDCE5}.Release|Any CPU.Build.0 = Release|Any CPU
		{E97C12B6-F97F-4947-A924-4CD14D9CDCE5}.Release|Any CPU.Deploy.0 = Release|Any CPU
	EndGlobalSection
	GlobalSection(SolutionProperties) = preSolution
		HideSolutionNode = FALSE
	EndGlobalSection
	GlobalSection(ExtensibilityGlobals) = postSolution
		SolutionGuid = {C114B8CF-5B91-439C-8042-226F0AD06E0E}
	EndGlobalSection
EndGlobal
